
Microsoft Visual Studio Solution File, Format Version 12.00
# Visual Studio Version 16
VisualStudioVersion = 16.0.29806.167
MinimumVisualStudioVersion = 10.0.40219.1
Project("{9A19103F-16F7-4668-BE54-9A1E7A4F7556}") = "LetsChat", "LetsChat\LetsChat.csproj", "{0CDB5A4B-42BC-4550-9C1E-3AC7FDE3B6B0}"
EndProject
Project("{9A19103F-16F7-4668-BE54-9A1E7A4F7556}") = "LetsChat.Services", "LetsChat.Services\LetsChat.Services.csproj", "{6F30C650-899C-49BC-80C4-87AB04CBC39D}"
EndProject
Project("{9A19103F-16F7-4668-BE54-9A1E7A4F7556}") = "LetsChat.Data", "LetsChat.Data\LetsChat.Data.csproj", "{9B8EE2D0-8EDC-4EE8-B14D-EC9A33E366A9}"
EndProject
Project("{FAE04EC0-301F-11D3-BF4B-00C04F79EFBC}") = "Test.LetsChat.Services", "Test.LetsChat.Services\Test.LetsChat.Services.csproj", "{8CE46BCF-CA3D-4939-B437-5EB20592CA3D}"
EndProject
Global
	GlobalSection(SolutionConfigurationPlatforms) = preSolution
		Debug|Any CPU = Debug|Any CPU
		Release|Any CPU = Release|Any CPU
	EndGlobalSection
	GlobalSection(ProjectConfigurationPlatforms) = postSolution
		{0CDB5A4B-42BC-4550-9C1E-3AC7FDE3B6B0}.Debug|Any CPU.ActiveCfg = Debug|Any CPU
		{0CDB5A4B-42BC-4550-9C1E-3AC7FDE3B6B0}.Debug|Any CPU.Build.0 = Debug|Any CPU
		{0CDB5A4B-42BC-4550-9C1E-3AC7FDE3B6B0}.Release|Any CPU.ActiveCfg = Release|Any CPU
		{0CDB5A4B-42BC-4550-9C1E-3AC7FDE3B6B0}.Release|Any CPU.Build.0 = Release|Any CPU
		{6F30C650-899C-49BC-80C4-87AB04CBC39D}.Debug|Any CPU.ActiveCfg = Debug|Any CPU
		{6F30C650-899C-49BC-80C4-87AB04CBC39D}.Debug|Any CPU.Build.0 = Debug|Any CPU
		{6F30C650-899C-49BC-80C4-87AB04CBC39D}.Release|Any CPU.ActiveCfg = Release|Any CPU
		{6F30C650-899C-49BC-80C4-87AB04CBC39D}.Release|Any CPU.Build.0 = Release|Any CPU
		{9B8EE2D0-8EDC-4EE8-B14D-EC9A33E366A9}.Debug|Any CPU.ActiveCfg = Debug|Any CPU
		{9B8EE2D0-8EDC-4EE8-B14D-EC9A33E366A9}.Debug|Any CPU.Build.0 = Debug|Any CPU
		{9B8EE2D0-8EDC-4EE8-B14D-EC9A33E366A9}.Release|Any CPU.ActiveCfg = Release|Any CPU
		{9B8EE2D0-8EDC-4EE8-B14D-EC9A33E366A9}.Release|Any CPU.Build.0 = Release|Any CPU
		{8CE46BCF-CA3D-4939-B437-5EB20592CA3D}.Debug|Any CPU.ActiveCfg = Debug|Any CPU
		{8CE46BCF-CA3D-4939-B437-5EB20592CA3D}.Debug|Any CPU.Build.0 = Debug|Any CPU
		{8CE46BCF-CA3D-4939-B437-5EB20592CA3D}.Release|Any CPU.ActiveCfg = Release|Any CPU
		{8CE46BCF-CA3D-4939-B437-5EB20592CA3D}.Release|Any CPU.Build.0 = Release|Any CPU
	EndGlobalSection
	GlobalSection(SolutionProperties) = preSolution
		HideSolutionNode = FALSE
	EndGlobalSection
	GlobalSection(ExtensibilityGlobals) = postSolution
		SolutionGuid = {3AA9CB47-0595-477E-9045-54E67ADEC873}
	EndGlobalSection
EndGlobal
